{
  "version": 4,
  "terraform_version": "1.15.5",
  "serial": 3,
  "lineage": "dcab3988-4177-5f8f-bdcd-73c1025d1409",
  "outputs": {
    "bucket_arn": {
      "value": "arn:aws:s3:::meu-bucket-devsecops-rogerramossilva",
      "type": "string"
    },
    "bucket_name": {
      "value": "meu-bucket-devsecops-rogerramossilva",
      "type": "string"
    }
  },
  "resources": [
    {
      "mode": "managed",
      "type": "aws_s3_bucket",
      "name": "meu_bucket",
      "provider": "provider[\"registry.terraform.io/hashicorp/aws\"]",
      "instances": [
        {
          "schema_version": 0,
          "attributes": {
            "acceleration_status": "",
            "acl": null,
            "arn": "arn:aws:s3:::meu-bucket-devsecops-rogerramossilva",
            "bucket": "meu-bucket-devsecops-rogerramossilva",
            "bucket_domain_name": "meu-bucket-devsecops-rogerramossilva.s3.amazonaws.com",
            "bucket_namespace": "global",
            "bucket_prefix": "",
            "bucket_region": "us-east-1",
            "bucket_regional_domain_name": "meu-bucket-devsecops-rogerramossilva.s3.us-east-1.amazonaws.com",
            "cors_rule": [],
            "force_destroy": false,
            "grant": [
              {
                "id": "045661481f470d4f4fb954bead47a8b6b09c0200417c7bba9a7885b5768ac636",
                "permissions": [
                  "FULL_CONTROL"
                ],
                "type": "CanonicalUser",
                "uri": ""
              }
            ],
            "hosted_zone_id": "Z3AQBSTGFYJSTF",
            "id": "meu-bucket-devsecops-rogerramossilva",
            "lifecycle_rule": [],
            "logging": [],
            "object_lock_configuration": [],
            "object_lock_enabled": false,
            "policy": "",
            "region": "us-east-1",
            "replication_configuration": [],
            "request_payer": "BucketOwner",
            "server_side_encryption_configuration": [
              {
                "rule": [
                  {
                    "apply_server_side_encryption_by_default": [
                      {
                        "kms_master_key_id": "",
                        "sse_algorithm": "AES256"
                      }
                    ],
                    "bucket_key_enabled": false
                  }
                ]
              }
            ],
            "tags": {
              "Environment": "dev",
              "Name": "meu-bucket-devsecops-rogerramossilva"
            },
            "tags_all": {
              "Environment": "dev",
              "Name": "meu-bucket-devsecops-rogerramossilva"
            },
            "timeouts": null,
            "versioning": [
              {
                "enabled": false,
                "mfa_delete": false
              }
            ],
            "website": [],
            "website_domain": null,
            "website_endpoint": null
          },
          "sensitive_attributes": [],
          "identity_schema_version": 0,
          "identity": {
            "account_id": "632407395159",
            "bucket": "meu-bucket-devsecops-rogerramossilva",
            "region": "us-east-1"
          },
          "private": "eyJlMmJmYjczMC1lY2FhLTExZTYtOGY4OC0zNDM2M2JjN2M0YzAiOnsiY3JlYXRlIjoxMjAwMDAwMDAwMDAwLCJkZWxldGUiOjM2MDAwMDAwMDAwMDAsInJlYWQiOjEyMDAwMDAwMDAwMDAsInVwZGF0ZSI6MTIwMDAwMDAwMDAwMH19"
        }
      ]
    },
    {
      "mode": "managed",
      "type": "aws_s3_bucket_versioning",
      "name": "versioning",
      "provider": "provider[\"registry.terraform.io/hashicorp/aws\"]",
      "instances": [
        {
          "schema_version": 0,
          "attributes": {
            "bucket": "meu-bucket-devsecops-rogerramossilva",
            "expected_bucket_owner": "",
            "id": "meu-bucket-devsecops-rogerramossilva",
            "mfa": null,
            "region": "us-east-1",
            "versioning_configuration": [
              {
                "mfa_delete": "",
                "status": "Enabled"
              }
            ]
          },
          "sensitive_attributes": [],
          "identity_schema_version": 1,
          "identity": {
            "account_id": "632407395159",
            "bucket": "meu-bucket-devsecops-rogerramossilva",
            "region": "us-east-1"
          },
          "private": "bnVsbA==",
          "dependencies": [
            "aws_s3_bucket.meu_bucket"
          ]
        }
      ]
    }
  ],
  "check_results": null
}
